{
  "name": "test",
  "version": "1.0.0",
  "lockfileVersion": 1,
  "requires": true,
  "dependencies": {
    "sass-rem": {
      "version": "2.0.1",
      "resolved": "https://registry.npmjs.org/sass-rem/-/sass-rem-2.0.1.tgz",
      "integrity": "sha512-Fuf7i1Wr7n1lIdCiImhCJ1/S0jEYq1OmrlqyKuJKSU2B2kHbU09HJIo5AuADvbf3DJLlRxU7b8Jm8D6m5lfqmA==",
      "dev": true
    }
  }
}
